// !$*UTF8*$!
{
	archiveVersion = 1;
	classes = {
	};
	objectVersion = 50;
	objects = {

/* Begin PBXBuildFile section */
		10F7668957928AE34E37FE94 /* Pods_hocUICollecionViewTests.framework in Frameworks */ = {isa = PBXBuildFile; fileRef = DF15DE193CB920582A180977 /* Pods_hocUICollecionViewTests.framework */; };
		5704A45CF92A442FB335CF12 /* Pods_hocUICollecionView.framework in Frameworks */ = {isa = PBXBuildFile; fileRef = B475419C2DEAA11B51777717 /* Pods_hocUICollecionView.framework */; };
		87B47D6FA0FB0744A6AB9568 /* Pods_hocUICollecionViewUITests.framework in Frameworks */ = {isa = PBXBuildFile; fileRef = A1CB3E0BE746603B5AE86644 /* Pods_hocUICollecionViewUITests.framework */; };
		AD139F6D2179846200D20BB1 /* AppDelegate.swift in Sources */ = {isa = PBXBuildFile; fileRef = AD139F6C2179846200D20BB1 /* AppDelegate.swift */; };
		AD139F742179846900D20BB1 /* Assets.xcassets in Resources */ = {isa = PBXBuildFile; fileRef = AD139F732179846900D20BB1 /* Assets.xcassets */; };
		AD139F772179846900D20BB1 /* LaunchScreen.storyboard in Resources */ = {isa = PBXBuildFile; fileRef = AD139F752179846900D20BB1 /* LaunchScreen.storyboard */; };
		AD139F822179846900D20BB1 /* hocUICollecionViewTests.swift in Sources */ = {isa = PBXBuildFile; fileRef = AD139F812179846900D20BB1 /* hocUICollecionViewTests.swift */; };
		AD139F8D2179846900D20BB1 /* hocUICollecionViewUITests.swift in Sources */ = {isa = PBXBuildFile; fileRef = AD139F8C2179846900D20BB1 /* hocUICollecionViewUITests.swift */; };
		AD1615C2217DB25F008FAA26 /* HotLiveCell.swift in Sources */ = {isa = PBXBuildFile; fileRef = AD1615BB217DB25F008FAA26 /* HotLiveCell.swift */; };
		AD1615C3217DB25F008FAA26 /* SectionHeader.swift in Sources */ = {isa = PBXBuildFile; fileRef = AD1615BC217DB25F008FAA26 /* SectionHeader.swift */; };
		AD1615C4217DB25F008FAA26 /* HotLive.swift in Sources */ = {isa = PBXBuildFile; fileRef = AD1615BD217DB25F008FAA26 /* HotLive.swift */; };
		AD1615C5217DB25F008FAA26 /* GameListCell.swift in Sources */ = {isa = PBXBuildFile; fileRef = AD1615BE217DB25F008FAA26 /* GameListCell.swift */; };
		AD1615C6217DB25F008FAA26 /* GameCell.swift in Sources */ = {isa = PBXBuildFile; fileRef = AD1615BF217DB25F008FAA26 /* GameCell.swift */; };
		AD1615C7217DB25F008FAA26 /* GameViewController.swift in Sources */ = {isa = PBXBuildFile; fileRef = AD1615C0217DB25F008FAA26 /* GameViewController.swift */; };
		AD1615C8217DB25F008FAA26 /* BannerCell.swift in Sources */ = {isa = PBXBuildFile; fileRef = AD1615C1217DB25F008FAA26 /* BannerCell.swift */; };
		AD1615CD217DCA53008FAA26 /* CustomTabbarController.swift in Sources */ = {isa = PBXBuildFile; fileRef = AD1615CC217DCA53008FAA26 /* CustomTabbarController.swift */; };
		AD1634462181A6FC0088CF08 /* MomentViewController.swift in Sources */ = {isa = PBXBuildFile; fileRef = AD1634452181A6FC0088CF08 /* MomentViewController.swift */; };
		AD1634482181A98E0088CF08 /* IdolModel.swift in Sources */ = {isa = PBXBuildFile; fileRef = AD1634472181A98E0088CF08 /* IdolModel.swift */; };
		AD16344A2181AA820088CF08 /* IdolCell.swift in Sources */ = {isa = PBXBuildFile; fileRef = AD1634492181AA820088CF08 /* IdolCell.swift */; };
		AD16344C2181D20D0088CF08 /* MomentViewModel.swift in Sources */ = {isa = PBXBuildFile; fileRef = AD16344B2181D20D0088CF08 /* MomentViewModel.swift */; };
		AD185E562182F8C6009B31AC /* HotViewController.swift in Sources */ = {isa = PBXBuildFile; fileRef = AD185E552182F8C6009B31AC /* HotViewController.swift */; };
		AD185E582182F9DB009B31AC /* HomeViewController.swift in Sources */ = {isa = PBXBuildFile; fileRef = AD185E572182F9DB009B31AC /* HomeViewController.swift */; };
		AD185E5A2182F9F0009B31AC /* HomeHeaderTab.swift in Sources */ = {isa = PBXBuildFile; fileRef = AD185E592182F9F0009B31AC /* HomeHeaderTab.swift */; };
		AD185E5F21832C9A009B31AC /* Extension.swift in Sources */ = {isa = PBXBuildFile; fileRef = AD185E5E21832C9A009B31AC /* Extension.swift */; };
/* End PBXBuildFile section */

/* Begin PBXContainerItemProxy section */
		AD139F7E2179846900D20BB1 /* PBXContainerItemProxy */ = {
			isa = PBXContainerItemProxy;
			containerPortal = AD139F612179846200D20BB1 /* Project object */;
			proxyType = 1;
			remoteGlobalIDString = AD139F682179846200D20BB1;
			remoteInfo = hocUICollecionView;
		};
		AD139F892179846900D20BB1 /* PBXContainerItemProxy */ = {
			isa = PBXContainerItemProxy;
			containerPortal = AD139F612179846200D20BB1 /* Project object */;
			proxyType = 1;
			remoteGlobalIDString = AD139F682179846200D20BB1;
			remoteInfo = hocUICollecionView;
		};
/* End PBXContainerItemProxy section */

/* Begin PBXFileReference section */
		5B2629BEDBAA031E028EB16F /* Pods-hocUICollecionView.debug.xcconfig */ = {isa = PBXFileReference; includeInIndex = 1; lastKnownFileType = text.xcconfig; name = "Pods-hocUICollecionView.debug.xcconfig"; path = "Pods/Target Support Files/Pods-hocUICollecionView/Pods-hocUICollecionView.debug.xcconfig"; sourceTree = "<group>"; };
		78D89D2D822E64042D7B9409 /* Pods-hocUICollecionViewUITests.debug.xcconfig */ = {isa = PBXFileReference; includeInIndex = 1; lastKnownFileType = text.xcconfig; name = "Pods-hocUICollecionViewUITests.debug.xcconfig"; path = "Pods/Target Support Files/Pods-hocUICollecionViewUITests/Pods-hocUICollecionViewUITests.debug.xcconfig"; sourceTree = "<group>"; };
		8A97047818A89265FF6904B5 /* Pods-hocUICollecionViewTests.debug.xcconfig */ = {isa = PBXFileReference; includeInIndex = 1; lastKnownFileType = text.xcconfig; name = "Pods-hocUICollecionViewTests.debug.xcconfig"; path = "Pods/Target Support Files/Pods-hocUICollecionViewTests/Pods-hocUICollecionViewTests.debug.xcconfig"; sourceTree = "<group>"; };
		A1CB3E0BE746603B5AE86644 /* Pods_hocUICollecionViewUITests.framework */ = {isa = PBXFileReference; explicitFileType = wrapper.framework; includeInIndex = 0; path = Pods_hocUICollecionViewUITests.framework; sourceTree = BUILT_PRODUCTS_DIR; };
		AD139F692179846200D20BB1 /* hocUICollecionView.app */ = {isa = PBXFileReference; explicitFileType = wrapper.application; includeInIndex = 0; path = hocUICollecionView.app; sourceTree = BUILT_PRODUCTS_DIR; };
		AD139F6C2179846200D20BB1 /* AppDelegate.swift */ = {isa = PBXFileReference; lastKnownFileType = sourcecode.swift; path = AppDelegate.swift; sourceTree = "<group>"; };
		AD139F732179846900D20BB1 /* Assets.xcassets */ = {isa = PBXFileReference; lastKnownFileType = folder.assetcatalog; path = Assets.xcassets; sourceTree = "<group>"; };
		AD139F762179846900D20BB1 /* Base */ = {isa = PBXFileReference; lastKnownFileType = file.storyboard; name = Base; path = Base.lproj/LaunchScreen.storyboard; sourceTree = "<group>"; };
		AD139F782179846900D20BB1 /* Info.plist */ = {isa = PBXFileReference; lastKnownFileType = text.plist.xml; path = Info.plist; sourceTree = "<group>"; };
		AD139F7D2179846900D20BB1 /* hocUICollecionViewTests.xctest */ = {isa = PBXFileReference; explicitFileType = wrapper.cfbundle; includeInIndex = 0; path = hocUICollecionViewTests.xctest; sourceTree = BUILT_PRODUCTS_DIR; };
		AD139F812179846900D20BB1 /* hocUICollecionViewTests.swift */ = {isa = PBXFileReference; lastKnownFileType = sourcecode.swift; path = hocUICollecionViewTests.swift; sourceTree = "<group>"; };
		AD139F832179846900D20BB1 /* Info.plist */ = {isa = PBXFileReference; lastKnownFileType = text.plist.xml; path = Info.plist; sourceTree = "<group>"; };
		AD139F882179846900D20BB1 /* hocUICollecionViewUITests.xctest */ = {isa = PBXFileReference; explicitFileType = wrapper.cfbundle; includeInIndex = 0; path = hocUICollecionViewUITests.xctest; sourceTree = BUILT_PRODUCTS_DIR; };
		AD139F8C2179846900D20BB1 /* hocUICollecionViewUITests.swift */ = {isa = PBXFileReference; lastKnownFileType = sourcecode.swift; path = hocUICollecionViewUITests.swift; sourceTree = "<group>"; };
		AD139F8E2179846900D20BB1 /* Info.plist */ = {isa = PBXFileReference; lastKnownFileType = text.plist.xml; path = Info.plist; sourceTree = "<group>"; };
		AD1615BB217DB25F008FAA26 /* HotLiveCell.swift */ = {isa = PBXFileReference; fileEncoding = 4; lastKnownFileType = sourcecode.swift; path = HotLiveCell.swift; sourceTree = "<group>"; };
		AD1615BC217DB25F008FAA26 /* SectionHeader.swift */ = {isa = PBXFileReference; fileEncoding = 4; lastKnownFileType = sourcecode.swift; path = SectionHeader.swift; sourceTree = "<group>"; };
		AD1615BD217DB25F008FAA26 /* HotLive.swift */ = {isa = PBXFileReference; fileEncoding = 4; lastKnownFileType = sourcecode.swift; path = HotLive.swift; sourceTree = "<group>"; };
		AD1615BE217DB25F008FAA26 /* GameListCell.swift */ = {isa = PBXFileReference; fileEncoding = 4; lastKnownFileType = sourcecode.swift; path = GameListCell.swift; sourceTree = "<group>"; };
		AD1615BF217DB25F008FAA26 /* GameCell.swift */ = {isa = PBXFileReference; fileEncoding = 4; lastKnownFileType = sourcecode.swift; path = GameCell.swift; sourceTree = "<group>"; };
		AD1615C0217DB25F008FAA26 /* GameViewController.swift */ = {isa = PBXFileReference; fileEncoding = 4; lastKnownFileType = sourcecode.swift; path = GameViewController.swift; sourceTree = "<group>"; };
		AD1615C1217DB25F008FAA26 /* BannerCell.swift */ = {isa = PBXFileReference; fileEncoding = 4; lastKnownFileType = sourcecode.swift; path = BannerCell.swift; sourceTree = "<group>"; };
		AD1615CC217DCA53008FAA26 /* CustomTabbarController.swift */ = {isa = PBXFileReference; lastKnownFileType = sourcecode.swift; path = CustomTabbarController.swift; sourceTree = "<group>"; };
		AD1634452181A6FC0088CF08 /* MomentViewController.swift */ = {isa = PBXFileReference; lastKnownFileType = sourcecode.swift; path = MomentViewController.swift; sourceTree = "<group>"; };
		AD1634472181A98E0088CF08 /* IdolModel.swift */ = {isa = PBXFileReference; lastKnownFileType = sourcecode.swift; path = IdolModel.swift; sourceTree = "<group>"; };
		AD1634492181AA820088CF08 /* IdolCell.swift */ = {isa = PBXFileReference; lastKnownFileType = sourcecode.swift; path = IdolCell.swift; sourceTree = "<group>"; };
		AD16344B2181D20D0088CF08 /* MomentViewModel.swift */ = {isa = PBXFileReference; lastKnownFileType = sourcecode.swift; path = MomentViewModel.swift; sourceTree = "<group>"; };
		AD185E552182F8C6009B31AC /* HotViewController.swift */ = {isa = PBXFileReference; lastKnownFileType = sourcecode.swift; path = HotViewController.swift; sourceTree = "<group>"; };
		AD185E572182F9DB009B31AC /* HomeViewController.swift */ = {isa = PBXFileReference; lastKnownFileType = sourcecode.swift; path = HomeViewController.swift; sourceTree = "<group>"; };
		AD185E592182F9F0009B31AC /* HomeHeaderTab.swift */ = {isa = PBXFileReference; lastKnownFileType = sourcecode.swift; path = HomeHeaderTab.swift; sourceTree = "<group>"; };
		AD185E5E21832C9A009B31AC /* Extension.swift */ = {isa = PBXFileReference; lastKnownFileType = sourcecode.swift; path = Extension.swift; sourceTree = "<group>"; };
		B06F66CAD2D5C2AEE456B321 /* Pods-hocUICollecionViewUITests.release.xcconfig */ = {isa = PBXFileReference; includeInIndex = 1; lastKnownFileType = text.xcconfig; name = "Pods-hocUICollecionViewUITests.release.xcconfig"; path = "Pods/Target Support Files/Pods-hocUICollecionViewUITests/Pods-hocUICollecionViewUITests.release.xcconfig"; sourceTree = "<group>"; };
		B475419C2DEAA11B51777717 /* Pods_hocUICollecionView.framework */ = {isa = PBXFileReference; explicitFileType = wrapper.framework; includeInIndex = 0; path = Pods_hocUICollecionView.framework; sourceTree = BUILT_PRODUCTS_DIR; };
		DF15DE193CB920582A180977 /* Pods_hocUICollecionViewTests.framework */ = {isa = PBXFileReference; explicitFileType = wrapper.framework; includeInIndex = 0; path = Pods_hocUICollecionViewTests.framework; sourceTree = BUILT_PRODUCTS_DIR; };
		F36841899450F818EE4F5EC8 /* Pods-hocUICollecionView.release.xcconfig */ = {isa = PBXFileReference; includeInIndex = 1; lastKnownFileType = text.xcconfig; name = "Pods-hocUICollecionView.release.xcconfig"; path = "Pods/Target Support Files/Pods-hocUICollecionView/Pods-hocUICollecionView.release.xcconfig"; sourceTree = "<group>"; };
		F678CA6C038BDF1D39CA6F1C /* Pods-hocUICollecionViewTests.release.xcconfig */ = {isa = PBXFileReference; includeInIndex = 1; lastKnownFileType = text.xcconfig; name = "Pods-hocUICollecionViewTests.release.xcconfig"; path = "Pods/Target Support Files/Pods-hocUICollecionViewTests/Pods-hocUICollecionViewTests.release.xcconfig"; sourceTree = "<group>"; };
/* End PBXFileReference section */

/* Begin PBXFrameworksBuildPhase section */
		AD139F662179846200D20BB1 /* Frameworks */ = {
			isa = PBXFrameworksBuildPhase;
			buildActionMask = 2147483647;
			files = (
				5704A45CF92A442FB335CF12 /* Pods_hocUICollecionView.framework in Frameworks */,
			);
			runOnlyForDeploymentPostprocessing = 0;
		};
		AD139F7A2179846900D20BB1 /* Frameworks */ = {
			isa = PBXFrameworksBuildPhase;
			buildActionMask = 2147483647;
			files = (
				10F7668957928AE34E37FE94 /* Pods_hocUICollecionViewTests.framework in Frameworks */,
			);
			runOnlyForDeploymentPostprocessing = 0;
		};
		AD139F852179846900D20BB1 /* Frameworks */ = {
			isa = PBXFrameworksBuildPhase;
			buildActionMask = 2147483647;
			files = (
				87B47D6FA0FB0744A6AB9568 /* Pods_hocUICollecionViewUITests.framework in Frameworks */,
			);
			runOnlyForDeploymentPostprocessing = 0;
		};
/* End PBXFrameworksBuildPhase section */

/* Begin PBXGroup section */
		15935CC4E5A3AE09B7BDA12C /* Pods */ = {
			isa = PBXGroup;
			children = (
				5B2629BEDBAA031E028EB16F /* Pods-hocUICollecionView.debug.xcconfig */,
				F36841899450F818EE4F5EC8 /* Pods-hocUICollecionView.release.xcconfig */,
				8A97047818A89265FF6904B5 /* Pods-hocUICollecionViewTests.debug.xcconfig */,
				F678CA6C038BDF1D39CA6F1C /* Pods-hocUICollecionViewTests.release.xcconfig */,
				78D89D2D822E64042D7B9409 /* Pods-hocUICollecionViewUITests.debug.xcconfig */,
				B06F66CAD2D5C2AEE456B321 /* Pods-hocUICollecionViewUITests.release.xcconfig */,
			);
			name = Pods;
			sourceTree = "<group>";
		};
		AD139F602179846200D20BB1 = {
			isa = PBXGroup;
			children = (
				AD185E5B21830B76009B31AC /* Extensions */,
				AD139F6B2179846200D20BB1 /* hocUICollecionView */,
				AD139F802179846900D20BB1 /* hocUICollecionViewTests */,
				AD139F8B2179846900D20BB1 /* hocUICollecionViewUITests */,
				AD139F6A2179846200D20BB1 /* Products */,
				15935CC4E5A3AE09B7BDA12C /* Pods */,
				E1D881739BD1F15472089AE1 /* Frameworks */,
			);
			sourceTree = "<group>";
		};
		AD139F6A2179846200D20BB1 /* Products */ = {
			isa = PBXGroup;
			children = (
				AD139F692179846200D20BB1 /* hocUICollecionView.app */,
				AD139F7D2179846900D20BB1 /* hocUICollecionViewTests.xctest */,
				AD139F882179846900D20BB1 /* hocUICollecionViewUITests.xctest */,
			);
			name = Products;
			sourceTree = "<group>";
		};
		AD139F6B2179846200D20BB1 /* hocUICollecionView */ = {
			isa = PBXGroup;
			children = (
				AD1634442181A6520088CF08 /* Main */,
				AD1634412181A39A0088CF08 /* Profile */,
				AD1634402181A38E0088CF08 /* Message */,
				AD16343F2181A37C0088CF08 /* Moment */,
				AD16343E2181A3760088CF08 /* Home */,
				AD139F6C2179846200D20BB1 /* AppDelegate.swift */,
				AD139F732179846900D20BB1 /* Assets.xcassets */,
				AD139F752179846900D20BB1 /* LaunchScreen.storyboard */,
				AD139F782179846900D20BB1 /* Info.plist */,
			);
			path = hocUICollecionView;
			sourceTree = "<group>";
		};
		AD139F802179846900D20BB1 /* hocUICollecionViewTests */ = {
			isa = PBXGroup;
			children = (
				AD139F812179846900D20BB1 /* hocUICollecionViewTests.swift */,
				AD139F832179846900D20BB1 /* Info.plist */,
			);
			path = hocUICollecionViewTests;
			sourceTree = "<group>";
		};
		AD139F8B2179846900D20BB1 /* hocUICollecionViewUITests */ = {
			isa = PBXGroup;
			children = (
				AD139F8C2179846900D20BB1 /* hocUICollecionViewUITests.swift */,
				AD139F8E2179846900D20BB1 /* Info.plist */,
			);
			path = hocUICollecionViewUITests;
			sourceTree = "<group>";
		};
		AD16343E2181A3760088CF08 /* Home */ = {
			isa = PBXGroup;
			children = (
				AD1634432181A5CA0088CF08 /* Hot */,
				AD1634422181A5BD0088CF08 /* Game */,
				AD185E572182F9DB009B31AC /* HomeViewController.swift */,
				AD185E592182F9F0009B31AC /* HomeHeaderTab.swift */,
			);
			path = Home;
			sourceTree = "<group>";
		};
		AD16343F2181A37C0088CF08 /* Moment */ = {
			isa = PBXGroup;
			children = (
				AD1634452181A6FC0088CF08 /* MomentViewController.swift */,
				AD1634472181A98E0088CF08 /* IdolModel.swift */,
				AD1634492181AA820088CF08 /* IdolCell.swift */,
				AD16344B2181D20D0088CF08 /* MomentViewModel.swift */,
			);
			path = Moment;
			sourceTree = "<group>";
		};
		AD1634402181A38E0088CF08 /* Message */ = {
			isa = PBXGroup;
			children = (
			);
			path = Message;
			sourceTree = "<group>";
		};
		AD1634412181A39A0088CF08 /* Profile */ = {
			isa = PBXGroup;
			children = (
			);
			path = Profile;
			sourceTree = "<group>";
		};
		AD1634422181A5BD0088CF08 /* Game */ = {
			isa = PBXGroup;
			children = (
				AD1615BD217DB25F008FAA26 /* HotLive.swift */,
				AD1615BB217DB25F008FAA26 /* HotLiveCell.swift */,
				AD1615BF217DB25F008FAA26 /* GameCell.swift */,
				AD1615BE217DB25F008FAA26 /* GameListCell.swift */,
				AD1615C1217DB25F008FAA26 /* BannerCell.swift */,
				AD1615C0217DB25F008FAA26 /* GameViewController.swift */,
				AD1615BC217DB25F008FAA26 /* SectionHeader.swift */,
			);
			path = Game;
			sourceTree = "<group>";
		};
		AD1634432181A5CA0088CF08 /* Hot */ = {
			isa = PBXGroup;
			children = (
				AD185E552182F8C6009B31AC /* HotViewController.swift */,
			);
			path = Hot;
			sourceTree = "<group>";
		};
		AD1634442181A6520088CF08 /* Main */ = {
			isa = PBXGroup;
			children = (
				AD1615CC217DCA53008FAA26 /* CustomTabbarController.swift */,
			);
			path = Main;
			sourceTree = "<group>";
		};
		AD185E5B21830B76009B31AC /* Extensions */ = {
			isa = PBXGroup;
			children = (
				AD185E5E21832C9A009B31AC /* Extension.swift */,
			);
			path = Extensions;
			sourceTree = "<group>";
		};
		E1D881739BD1F15472089AE1 /* Frameworks */ = {
			isa = PBXGroup;
			children = (
				B475419C2DEAA11B51777717 /* Pods_hocUICollecionView.framework */,
				DF15DE193CB920582A180977 /* Pods_hocUICollecionViewTests.framework */,
				A1CB3E0BE746603B5AE86644 /* Pods_hocUICollecionViewUITests.framework */,
			);
			name = Frameworks;
			sourceTree = "<group>";
		};
/* End PBXGroup section */

/* Begin PBXNativeTarget section */
		AD139F682179846200D20BB1 /* hocUICollecionView */ = {
			isa = PBXNativeTarget;
			buildConfigurationList = AD139F912179846900D20BB1 /* Build configuration list for PBXNativeTarget "hocUICollecionView" */;
			buildPhases = (
				A83C353F00A55698A1A43A53 /* [CP] Check Pods Manifest.lock */,
				AD139F652179846200D20BB1 /* Sources */,
				AD139F662179846200D20BB1 /* Frameworks */,
				AD139F672179846200D20BB1 /* Resources */,
				F0306BFB4E5E8940E4289865 /* [CP] Embed Pods Frameworks */,
			);
			buildRules = (
			);
			dependencies = (
			);
			name = hocUICollecionView;
			productName = hocUICollecionView;
			productReference = AD139F692179846200D20BB1 /* hocUICollecionView.app */;
			productType = "com.apple.product-type.application";
		};
		AD139F7C2179846900D20BB1 /* hocUICollecionViewTests */ = {
			isa = PBXNativeTarget;
			buildConfigurationList = AD139F942179846900D20BB1 /* Build configuration list for PBXNativeTarget "hocUICollecionViewTests" */;
			buildPhases = (
				363FB3AA7A6AF162BFB89C42 /* [CP] Check Pods Manifest.lock */,
				AD139F792179846900D20BB1 /* Sources */,
				AD139F7A2179846900D20BB1 /* Frameworks */,
				AD139F7B2179846900D20BB1 /* Resources */,
			);
			buildRules = (
			);
			dependencies = (
				AD139F7F2179846900D20BB1 /* PBXTargetDependency */,
			);
			name = hocUICollecionViewTests;
			productName = hocUICollecionViewTests;
			productReference = AD139F7D2179846900D20BB1 /* hocUICollecionViewTests.xctest */;
			productType = "com.apple.product-type.bundle.unit-test";
		};
		AD139F872179846900D20BB1 /* hocUICollecionViewUITests */ = {
			isa = PBXNativeTarget;
			buildConfigurationList = AD139F972179846900D20BB1 /* Build configuration list for PBXNativeTarget "hocUICollecionViewUITests" */;
			buildPhases = (
				45D565AC047D7E3C6E99817E /* [CP] Check Pods Manifest.lock */,
				AD139F842179846900D20BB1 /* Sources */,
				AD139F852179846900D20BB1 /* Frameworks */,
				AD139F862179846900D20BB1 /* Resources */,
			);
			buildRules = (
			);
			dependencies = (
				AD139F8A2179846900D20BB1 /* PBXTargetDependency */,
			);
			name = hocUICollecionViewUITests;
			productName = hocUICollecionViewUITests;
			productReference = AD139F882179846900D20BB1 /* hocUICollecionViewUITests.xctest */;
			productType = "com.apple.product-type.bundle.ui-testing";
		};
/* End PBXNativeTarget section */

/* Begin PBXProject section */
		AD139F612179846200D20BB1 /* Project object */ = {
			isa = PBXProject;
			attributes = {
				LastSwiftUpdateCheck = 1000;
				LastUpgradeCheck = 1000;
				ORGANIZATIONNAME = CPU11966;
				TargetAttributes = {
					AD139F682179846200D20BB1 = {
						CreatedOnToolsVersion = 10.0;
					};
					AD139F7C2179846900D20BB1 = {
						CreatedOnToolsVersion = 10.0;
						TestTargetID = AD139F682179846200D20BB1;
					};
					AD139F872179846900D20BB1 = {
						CreatedOnToolsVersion = 10.0;
						TestTargetID = AD139F682179846200D20BB1;
					};
				};
			};
			buildConfigurationList = AD139F642179846200D20BB1 /* Build configuration list for PBXProject "hocUICollecionView" */;
			compatibilityVersion = "Xcode 9.3";
			developmentRegion = en;
			hasScannedForEncodings = 0;
			knownRegions = (
				en,
				Base,
			);
			mainGroup = AD139F602179846200D20BB1;
			productRefGroup = AD139F6A2179846200D20BB1 /* Products */;
			projectDirPath = "";
			projectRoot = "";
			targets = (
				AD139F682179846200D20BB1 /* hocUICollecionView */,
				AD139F7C2179846900D20BB1 /* hocUICollecionViewTests */,
				AD139F872179846900D20BB1 /* hocUICollecionViewUITests */,
			);
		};
/* End PBXProject section */

/* Begin PBXResourcesBuildPhase section */
		AD139F672179846200D20BB1 /* Resources */ = {
			isa = PBXResourcesBuildPhase;
			buildActionMask = 2147483647;
			files = (
				AD139F772179846900D20BB1 /* LaunchScreen.storyboard in Resources */,
				AD139F742179846900D20BB1 /* Assets.xcassets in Resources */,
			);
			runOnlyForDeploymentPostprocessing = 0;
		};
		AD139F7B2179846900D20BB1 /* Resources */ = {
			isa = PBXResourcesBuildPhase;
			buildActionMask = 2147483647;
			files = (
			);
			runOnlyForDeploymentPostprocessing = 0;
		};
		AD139F862179846900D20BB1 /* Resources */ = {
			isa = PBXResourcesBuildPhase;
			buildActionMask = 2147483647;
			files = (
			);
			runOnlyForDeploymentPostprocessing = 0;
		};
/* End PBXResourcesBuildPhase section */

/* Begin PBXShellScriptBuildPhase section */
		363FB3AA7A6AF162BFB89C42 /* [CP] Check Pods Manifest.lock */ = {
			isa = PBXShellScriptBuildPhase;
			buildActionMask = 2147483647;
			files = (
			);
			inputFileListPaths = (
			);
			inputPaths = (
				"${PODS_PODFILE_DIR_PATH}/Podfile.lock",
				"${PODS_ROOT}/Manifest.lock",
			);
			name = "[CP] Check Pods Manifest.lock";
			outputFileListPaths = (
			);
			outputPaths = (
				"$(DERIVED_FILE_DIR)/Pods-hocUICollecionViewTests-checkManifestLockResult.txt",
			);
			runOnlyForDeploymentPostprocessing = 0;
			shellPath = /bin/sh;
			shellScript = "diff \"${PODS_PODFILE_DIR_PATH}/Podfile.lock\" \"${PODS_ROOT}/Manifest.lock\" > /dev/null\nif [ $? != 0 ] ; then\n    # print error to STDERR\n    echo \"error: The sandbox is not in sync with the Podfile.lock. Run 'pod install' or update your CocoaPods installation.\" >&2\n    exit 1\nfi\n# This output is used by Xcode 'outputs' to avoid re-running this script phase.\necho \"SUCCESS\" > \"${SCRIPT_OUTPUT_FILE_0}\"\n";
			showEnvVarsInLog = 0;
		};
		45D565AC047D7E3C6E99817E /* [CP] Check Pods Manifest.lock */ = {
			isa = PBXShellScriptBuildPhase;
			buildActionMask = 2147483647;
			files = (
			);
			inputFileListPaths = (
			);
			inputPaths = (
				"${PODS_PODFILE_DIR_PATH}/Podfile.lock",
				"${PODS_ROOT}/Manifest.lock",
			);
			name = "[CP] Check Pods Manifest.lock";
			outputFileListPaths = (
			);
			outputPaths = (
				"$(DERIVED_FILE_DIR)/Pods-hocUICollecionViewUITests-checkManifestLockResult.txt",
			);
			runOnlyForDeploymentPostprocessing = 0;
			shellPath = /bin/sh;
			shellScript = "diff \"${PODS_PODFILE_DIR_PATH}/Podfile.lock\" \"${PODS_ROOT}/Manifest.lock\" > /dev/null\nif [ $? != 0 ] ; then\n    # print error to STDERR\n    echo \"error: The sandbox is not in sync with the Podfile.lock. Run 'pod install' or update your CocoaPods installation.\" >&2\n    exit 1\nfi\n# This output is used by Xcode 'outputs' to avoid re-running this script phase.\necho \"SUCCESS\" > \"${SCRIPT_OUTPUT_FILE_0}\"\n";
			showEnvVarsInLog = 0;
		};
		A83C353F00A55698A1A43A53 /* [CP] Check Pods Manifest.lock */ = {
			isa = PBXShellScriptBuildPhase;
			buildActionMask = 2147483647;
			files = (
			);
			inputFileListPaths = (
			);
			inputPaths = (
				"${PODS_PODFILE_DIR_PATH}/Podfile.lock",
				"${PODS_ROOT}/Manifest.lock",
			);
			name = "[CP] Check Pods Manifest.lock";
			outputFileListPaths = (
			);
			outputPaths = (
				"$(DERIVED_FILE_DIR)/Pods-hocUICollecionView-checkManifestLockResult.txt",
			);
			runOnlyForDeploymentPostprocessing = 0;
			shellPath = /bin/sh;
			shellScript = "diff \"${PODS_PODFILE_DIR_PATH}/Podfile.lock\" \"${PODS_ROOT}/Manifest.lock\" > /dev/null\nif [ $? != 0 ] ; then\n    # print error to STDERR\n    echo \"error: The sandbox is not in sync with the Podfile.lock. Run 'pod install' or update your CocoaPods installation.\" >&2\n    exit 1\nfi\n# This output is used by Xcode 'outputs' to avoid re-running this script phase.\necho \"SUCCESS\" > \"${SCRIPT_OUTPUT_FILE_0}\"\n";
			showEnvVarsInLog = 0;
		};
		F0306BFB4E5E8940E4289865 /* [CP] Embed Pods Frameworks */ = {
			isa = PBXShellScriptBuildPhase;
			buildActionMask = 2147483647;
			files = (
			);
			inputFileListPaths = (
			);
			inputPaths = (
				"${SRCROOT}/Pods/Target Support Files/Pods-hocUICollecionView/Pods-hocUICollecionView-frameworks.sh",
				"${BUILT_PRODUCTS_DIR}/RxCocoa/RxCocoa.framework",
				"${BUILT_PRODUCTS_DIR}/RxSwift/RxSwift.framework",
			);
			name = "[CP] Embed Pods Frameworks";
			outputFileListPaths = (
			);
			outputPaths = (
				"${TARGET_BUILD_DIR}/${FRAMEWORKS_FOLDER_PATH}/RxCocoa.framework",
				"${TARGET_BUILD_DIR}/${FRAMEWORKS_FOLDER_PATH}/RxSwift.framework",
			);
			runOnlyForDeploymentPostprocessing = 0;
			shellPath = /bin/sh;
			shellScript = "\"${SRCROOT}/Pods/Target Support Files/Pods-hocUICollecionView/Pods-hocUICollecionView-frameworks.sh\"\n";
			showEnvVarsInLog = 0;
		};
/* End PBXShellScriptBuildPhase section */

/* Begin PBXSourcesBuildPhase section */
		AD139F652179846200D20BB1 /* Sources */ = {
			isa = PBXSourcesBuildPhase;
			buildActionMask = 2147483647;
			files = (
				AD1615CD217DCA53008FAA26 /* CustomTabbarController.swift in Sources */,
				AD139F6D2179846200D20BB1 /* AppDelegate.swift in Sources */,
				AD1634462181A6FC0088CF08 /* MomentViewController.swift in Sources */,
				AD16344C2181D20D0088CF08 /* MomentViewModel.swift in Sources */,
				AD185E562182F8C6009B31AC /* HotViewController.swift in Sources */,
				AD185E582182F9DB009B31AC /* HomeViewController.swift in Sources */,
				AD1615C8217DB25F008FAA26 /* BannerCell.swift in Sources */,
				AD185E5A2182F9F0009B31AC /* HomeHeaderTab.swift in Sources */,
				AD1615C2217DB25F008FAA26 /* HotLiveCell.swift in Sources */,
				AD16344A2181AA820088CF08 /* IdolCell.swift in Sources */,
				AD185E5F21832C9A009B31AC /* Extension.swift in Sources */,
				AD1615C3217DB25F008FAA26 /* SectionHeader.swift in Sources */,
				AD1634482181A98E0088CF08 /* IdolModel.swift in Sources */,
				AD1615C4217DB25F008FAA26 /* HotLive.swift in Sources */,
				AD1615C7217DB25F008FAA26 /* GameViewController.swift in Sources */,
				AD1615C5217DB25F008FAA26 /* GameListCell.swift in Sources */,
				AD1615C6217DB25F008FAA26 /* GameCell.swift in Sources */,
			);
			runOnlyForDeploymentPostprocessing = 0;
		};
		AD139F792179846900D20BB1 /* Sources */ = {
			isa = PBXSourcesBuildPhase;
			buildActionMask = 2147483647;
			files = (
				AD139F822179846900D20BB1 /* hocUICollecionViewTests.swift in Sources */,
			);
			runOnlyForDeploymentPostprocessing = 0;
		};
		AD139F842179846900D20BB1 /* Sources */ = {
			isa = PBXSourcesBuildPhase;
			buildActionMask = 2147483647;
			files = (
				AD139F8D2179846900D20BB1 /* hocUICollecionViewUITests.swift in Sources */,
			);
			runOnlyForDeploymentPostprocessing = 0;
		};
/* End PBXSourcesBuildPhase section */

/* Begin PBXTargetDependency section */
		AD139F7F2179846900D20BB1 /* PBXTargetDependency */ = {
			isa = PBXTargetDependency;
			target = AD139F682179846200D20BB1 /* hocUICollecionView */;
			targetProxy = AD139F7E2179846900D20BB1 /* PBXContainerItemProxy */;
		};
		AD139F8A2179846900D20BB1 /* PBXTargetDependency */ = {
			isa = PBXTargetDependency;
			target = AD139F682179846200D20BB1 /* hocUICollecionView */;
			targetProxy = AD139F892179846900D20BB1 /* PBXContainerItemProxy */;
		};
/* End PBXTargetDependency section */

/* Begin PBXVariantGroup section */
		AD139F752179846900D20BB1 /* LaunchScreen.storyboard */ = {
			isa = PBXVariantGroup;
			children = (
				AD139F762179846900D20BB1 /* Base */,
			);
			name = LaunchScreen.storyboard;
			sourceTree = "<group>";
		};
/* End PBXVariantGroup section */

/* Begin XCBuildConfiguration section */
		AD139F8F2179846900D20BB1 /* Debug */ = {
			isa = XCBuildConfiguration;
			buildSettings = {
				ALWAYS_SEARCH_USER_PATHS = NO;
				CLANG_ANALYZER_NONNULL = YES;
				CLANG_ANALYZER_NUMBER_OBJECT_CONVERSION = YES_AGGRESSIVE;
				CLANG_CXX_LANGUAGE_STANDARD = "gnu++14";
				CLANG_CXX_LIBRARY = "libc++";
				CLANG_ENABLE_MODULES = YES;
				CLANG_ENABLE_OBJC_ARC = YES;
				CLANG_ENABLE_OBJC_WEAK = YES;
				CLANG_WARN_BLOCK_CAPTURE_AUTORELEASING = YES;
				CLANG_WARN_BOOL_CONVERSION = YES;
				CLANG_WARN_COMMA = YES;
				CLANG_WARN_CONSTANT_CONVERSION = YES;
				CLANG_WARN_DEPRECATED_OBJC_IMPLEMENTATIONS = YES;
				CLANG_WARN_DIRECT_OBJC_ISA_USAGE = YES_ERROR;
				CLANG_WARN_DOCUMENTATION_COMMENTS = YES;
				CLANG_WARN_EMPTY_BODY = YES;
				CLANG_WARN_ENUM_CONVERSION = YES;
				CLANG_WARN_INFINITE_RECURSION = YES;
				CLANG_WARN_INT_CONVERSION = YES;
				CLANG_WARN_NON_LITERAL_NULL_CONVERSION = YES;
				CLANG_WARN_OBJC_IMPLICIT_RETAIN_SELF = YES;
				CLANG_WARN_OBJC_LITERAL_CONVERSION = YES;
				CLANG_WARN_OBJC_ROOT_CLASS = YES_ERROR;
				CLANG_WARN_RANGE_LOOP_ANALYSIS = YES;
				CLANG_WARN_STRICT_PROTOTYPES = YES;
				CLANG_WARN_SUSPICIOUS_MOVE = YES;
				CLANG_WARN_UNGUARDED_AVAILABILITY = YES_AGGRESSIVE;
				CLANG_WARN_UNREACHABLE_CODE = YES;
				CLANG_WARN__DUPLICATE_METHOD_MATCH = YES;
				CODE_SIGN_IDENTITY = "iPhone Developer";
				COPY_PHASE_STRIP = NO;
				DEBUG_INFORMATION_FORMAT = dwarf;
				ENABLE_STRICT_OBJC_MSGSEND = YES;
				ENABLE_TESTABILITY = YES;
				GCC_C_LANGUAGE_STANDARD = gnu11;
				GCC_DYNAMIC_NO_PIC = NO;
				GCC_NO_COMMON_BLOCKS = YES;
				GCC_OPTIMIZATION_LEVEL = 0;
				GCC_PREPROCESSOR_DEFINITIONS = (
					"DEBUG=1",
					"$(inherited)",
				);
				GCC_WARN_64_TO_32_BIT_CONVERSION = YES;
				GCC_WARN_ABOUT_RETURN_TYPE = YES_ERROR;
				GCC_WARN_UNDECLARED_SELECTOR = YES;
				GCC_WARN_UNINITIALIZED_AUTOS = YES_AGGRESSIVE;
				GCC_WARN_UNUSED_FUNCTION = YES;
				GCC_WARN_UNUSED_VARIABLE = YES;
				IPHONEOS_DEPLOYMENT_TARGET = 12.0;
				MTL_ENABLE_DEBUG_INFO = INCLUDE_SOURCE;
				MTL_FAST_MATH = YES;
				ONLY_ACTIVE_ARCH = YES;
				SDKROOT = iphoneos;
				SWIFT_ACTIVE_COMPILATION_CONDITIONS = DEBUG;
				SWIFT_OPTIMIZATION_LEVEL = "-Onone";
			};
			name = Debug;
		};
		AD139F902179846900D20BB1 /* Release */ = {
			isa = XCBuildConfiguration;
			buildSettings = {
				ALWAYS_SEARCH_USER_PATHS = NO;
				CLANG_ANALYZER_NONNULL = YES;
				CLANG_ANALYZER_NUMBER_OBJECT_CONVERSION = YES_AGGRESSIVE;
				CLANG_CXX_LANGUAGE_STANDARD = "gnu++14";
				CLANG_CXX_LIBRARY = "libc++";
				CLANG_ENABLE_MODULES = YES;
				CLANG_ENABLE_OBJC_ARC = YES;
				CLANG_ENABLE_OBJC_WEAK = YES;
				CLANG_WARN_BLOCK_CAPTURE_AUTORELEASING = YES;
				CLANG_WARN_BOOL_CONVERSION = YES;
				CLANG_WARN_COMMA = YES;
				CLANG_WARN_CONSTANT_CONVERSION = YES;
				CLANG_WARN_DEPRECATED_OBJC_IMPLEMENTATIONS = YES;
				CLANG_WARN_DIRECT_OBJC_ISA_USAGE = YES_ERROR;
				CLANG_WARN_DOCUMENTATION_COMMENTS = YES;
				CLANG_WARN_EMPTY_BODY = YES;
				CLANG_WARN_ENUM_CONVERSION = YES;
				CLANG_WARN_INFINITE_RECURSION = YES;
				CLANG_WARN_INT_CONVERSION = YES;
				CLANG_WARN_NON_LITERAL_NULL_CONVERSION = YES;
				CLANG_WARN_OBJC_IMPLICIT_RETAIN_SELF = YES;
				CLANG_WARN_OBJC_LITERAL_CONVERSION = YES;
				CLANG_WARN_OBJC_ROOT_CLASS = YES_ERROR;
				CLANG_WARN_RANGE_LOOP_ANALYSIS = YES;
				CLANG_WARN_STRICT_PROTOTYPES = YES;
				CLANG_WARN_SUSPICIOUS_MOVE = YES;
				CLANG_WARN_UNGUARDED_AVAILABILITY = YES_AGGRESSIVE;
				CLANG_WARN_UNREACHABLE_CODE = YES;
				CLANG_WARN__DUPLICATE_METHOD_MATCH = YES;
				CODE_SIGN_IDENTITY = "iPhone Developer";
				COPY_PHASE_STRIP = NO;
				DEBUG_INFORMATION_FORMAT = "dwarf-with-dsym";
				ENABLE_NS_ASSERTIONS = NO;
				ENABLE_STRICT_OBJC_MSGSEND = YES;
				GCC_C_LANGUAGE_STANDARD = gnu11;
				GCC_NO_COMMON_BLOCKS = YES;
				GCC_WARN_64_TO_32_BIT_CONVERSION = YES;
				GCC_WARN_ABOUT_RETURN_TYPE = YES_ERROR;
				GCC_WARN_UNDECLARED_SELECTOR = YES;
				GCC_WARN_UNINITIALIZED_AUTOS = YES_AGGRESSIVE;
				GCC_WARN_UNUSED_FUNCTION = YES;
				GCC_WARN_UNUSED_VARIABLE = YES;
				IPHONEOS_DEPLOYMENT_TARGET = 12.0;
				MTL_ENABLE_DEBUG_INFO = NO;
				MTL_FAST_MATH = YES;
				SDKROOT = iphoneos;
				SWIFT_COMPILATION_MODE = wholemodule;
				SWIFT_OPTIMIZATION_LEVEL = "-O";
				VALIDATE_PRODUCT = YES;
			};
			name = Release;
		};
		AD139F922179846900D20BB1 /* Debug */ = {
			isa = XCBuildConfiguration;
			baseConfigurationReference = 5B2629BEDBAA031E028EB16F /* Pods-hocUICollecionView.debug.xcconfig */;
			buildSettings = {
				ASSETCATALOG_COMPILER_APPICON_NAME = AppIcon;
				CODE_SIGN_STYLE = Automatic;
				DEVELOPMENT_TEAM = QB7S5B32RQ;
				INFOPLIST_FILE = hocUICollecionView/Info.plist;
				LD_RUNPATH_SEARCH_PATHS = (
					"$(inherited)",
					"@executable_path/Frameworks",
				);
				PRODUCT_BUNDLE_IDENTIFIER = nhan.hocUICollecionView;
				PRODUCT_NAME = "$(TARGET_NAME)";
				SWIFT_VERSION = 4.2;
				TARGETED_DEVICE_FAMILY = "1,2";
			};
			name = Debug;
		};
		AD139F932179846900D20BB1 /* Release */ = {
			isa = XCBuildConfiguration;
			baseConfigurationReference = F36841899450F818EE4F5EC8 /* Pods-hocUICollecionView.release.xcconfig */;
			buildSettings = {
				ASSETCATALOG_COMPILER_APPICON_NAME = AppIcon;
				CODE_SIGN_STYLE = Automatic;
				DEVELOPMENT_TEAM = QB7S5B32RQ;
				INFOPLIST_FILE = hocUICollecionView/Info.plist;
				LD_RUNPATH_SEARCH_PATHS = (
					"$(inherited)",
					"@executable_path/Frameworks",
				);
				PRODUCT_BUNDLE_IDENTIFIER = nhan.hocUICollecionView;
				PRODUCT_NAME = "$(TARGET_NAME)";
				SWIFT_VERSION = 4.2;
				TARGETED_DEVICE_FAMILY = "1,2";
			};
			name = Release;
		};
		AD139F952179846900D20BB1 /* Debug */ = {
			isa = XCBuildConfiguration;
			baseConfigurationReference = 8A97047818A89265FF6904B5 /* Pods-hocUICollecionViewTests.debug.xcconfig */;
			buildSettings = {
				ALWAYS_EMBED_SWIFT_STANDARD_LIBRARIES = YES;
				BUNDLE_LOADER = "$(TEST_HOST)";
				CODE_SIGN_STYLE = Automatic;
				INFOPLIST_FILE = hocUICollecionViewTests/Info.plist;
				LD_RUNPATH_SEARCH_PATHS = (
					"$(inherited)",
					"@executable_path/Frameworks",
					"@loader_path/Frameworks",
				);
				PRODUCT_BUNDLE_IDENTIFIER = nhan.hocUICollecionViewTests;
				PRODUCT_NAME = "$(TARGET_NAME)";
				SWIFT_VERSION = 4.2;
				TARGETED_DEVICE_FAMILY = "1,2";
				TEST_HOST = "$(BUILT_PRODUCTS_DIR)/hocUICollecionView.app/hocUICollecionView";
			};
			name = Debug;
		};
		AD139F962179846900D20BB1 /* Release */ = {
			isa = XCBuildConfiguration;
			baseConfigurationReference = F678CA6C038BDF1D39CA6F1C /* Pods-hocUICollecionViewTests.release.xcconfig */;
			buildSettings = {
				ALWAYS_EMBED_SWIFT_STANDARD_LIBRARIES = YES;
				BUNDLE_LOADER = "$(TEST_HOST)";
				CODE_SIGN_STYLE = Automatic;
				INFOPLIST_FILE = hocUICollecionViewTests/Info.plist;
				LD_RUNPATH_SEARCH_PATHS = (
					"$(inherited)",
					"@executable_path/Frameworks",
					"@loader_path/Frameworks",
				);
				PRODUCT_BUNDLE_IDENTIFIER = nhan.hocUICollecionViewTests;
				PRODUCT_NAME = "$(TARGET_NAME)";
				SWIFT_VERSION = 4.2;
				TARGETED_DEVICE_FAMILY = "1,2";
				TEST_HOST = "$(BUILT_PRODUCTS_DIR)/hocUICollecionView.app/hocUICollecionView";
			};
			name = Release;
		};
		AD139F982179846900D20BB1 /* Debug */ = {
			isa = XCBuildConfiguration;
			baseConfigurationReference = 78D89D2D822E64042D7B9409 /* Pods-hocUICollecionViewUITests.debug.xcconfig */;
			buildSettings = {
				ALWAYS_EMBED_SWIFT_STANDARD_LIBRARIES = YES;
				CODE_SIGN_STYLE = Automatic;
				INFOPLIST_FILE = hocUICollecionViewUITests/Info.plist;
				LD_RUNPATH_SEARCH_PATHS = (
					"$(inherited)",
					"@executable_path/Frameworks",
					"@loader_path/Frameworks",
				);
				PRODUCT_BUNDLE_IDENTIFIER = nhan.hocUICollecionViewUITests;
				PRODUCT_NAME = "$(TARGET_NAME)";
				SWIFT_VERSION = 4.2;
				TARGETED_DEVICE_FAMILY = "1,2";
				TEST_TARGET_NAME = hocUICollecionView;
			};
			name = Debug;
		};
		AD139F992179846900D20BB1 /* Release */ = {
			isa = XCBuildConfiguration;
			baseConfigurationReference = B06F66CAD2D5C2AEE456B321 /* Pods-hocUICollecionViewUITests.release.xcconfig */;
			buildSettings = {
				ALWAYS_EMBED_SWIFT_STANDARD_LIBRARIES = YES;
				CODE_SIGN_STYLE = Automatic;
				INFOPLIST_FILE = hocUICollecionViewUITests/Info.plist;
				LD_RUNPATH_SEARCH_PATHS = (
					"$(inherited)",
					"@executable_path/Frameworks",
					"@loader_path/Frameworks",
				);
				PRODUCT_BUNDLE_IDENTIFIER = nhan.hocUICollecionViewUITests;
				PRODUCT_NAME = "$(TARGET_NAME)";
				SWIFT_VERSION = 4.2;
				TARGETED_DEVICE_FAMILY = "1,2";
				TEST_TARGET_NAME = hocUICollecionView;
			};
			name = Release;
		};
/* End XCBuildConfiguration section */

/* Begin XCConfigurationList section */
		AD139F642179846200D20BB1 /* Build configuration list for PBXProject "hocUICollecionView" */ = {
			isa = XCConfigurationList;
			buildConfigurations = (
				AD139F8F2179846900D20BB1 /* Debug */,
				AD139F902179846900D20BB1 /* Release */,
			);
			defaultConfigurationIsVisible = 0;
			defaultConfigurationName = Release;
		};
		AD139F912179846900D20BB1 /* Build configuration list for PBXNativeTarget "hocUICollecionView" */ = {
			isa = XCConfigurationList;
			buildConfigurations = (
				AD139F922179846900D20BB1 /* Debug */,
				AD139F932179846900D20BB1 /* Release */,
			);
			defaultConfigurationIsVisible = 0;
			defaultConfigurationName = Release;
		};
		AD139F942179846900D20BB1 /* Build configuration list for PBXNativeTarget "hocUICollecionViewTests" */ = {
			isa = XCConfigurationList;
			buildConfigurations = (
				AD139F952179846900D20BB1 /* Debug */,
				AD139F962179846900D20BB1 /* Release */,
			);
			defaultConfigurationIsVisible = 0;
			defaultConfigurationName = Release;
		};
		AD139F972179846900D20BB1 /* Build configuration list for PBXNativeTarget "hocUICollecionViewUITests" */ = {
			isa = XCConfigurationList;
			buildConfigurations = (
				AD139F982179846900D20BB1 /* Debug */,
				AD139F992179846900D20BB1 /* Release */,
			);
			defaultConfigurationIsVisible = 0;
			defaultConfigurationName = Release;
		};
/* End XCConfigurationList section */
	};
	rootObject = AD139F612179846200D20BB1 /* Project object */;
}
